# THIS IS AN AUTOGENERATED FILE. DO NOT EDIT THIS FILE DIRECTLY.
# yarn lockfile v1


"@microsoft/tsdoc@^0.14.2":
  version "0.14.2"
  resolved "https://registry.yarnpkg.com/@microsoft/tsdoc/-/tsdoc-0.14.2.tgz#c3ec604a0b54b9a9b87e9735dfc59e1a5da6a5fb"
  integrity sha512-9b8mPpKrfeGRuhFH5iO1iwCLeIIsV6+H1sRfxbkoGXIyQE2BTsPd9zqSqQJ+pv5sJ/hT5M1zvOFL02MnEezFug==

"@nestjs/mapped-types@2.0.5":
  version "2.0.5"
  resolved "https://registry.yarnpkg.com/@nestjs/mapped-types/-/mapped-types-2.0.5.tgz#485d6b44e19779c98d04e52bd1d2bcc7001df0ea"
  integrity sha512-bSJv4pd6EY99NX9CjBIyn4TVDoSit82DUZlL4I3bqNfy5Gt+gXTa86i3I/i0iIV9P4hntcGM5GyO+FhZAhxtyg==

"@nestjs/swagger@^7.3.0":
  version "7.3.0"
  resolved "https://registry.yarnpkg.com/@nestjs/swagger/-/swagger-7.3.0.tgz#0b5e397cc5a592422df9afb24c79af928fea5954"
  integrity sha512-zLkfKZ+ioYsIZ3dfv7Bj8YHnZMNAGWFUmx2ZDuLp/fBE4P8BSjB7hldzDueFXsmwaPL90v7lgyd82P+s7KME1Q==
  dependencies:
    "@microsoft/tsdoc" "^0.14.2"
    "@nestjs/mapped-types" "2.0.5"
    js-yaml "4.1.0"
    lodash "4.17.21"
    path-to-regexp "3.2.0"
    swagger-ui-dist "5.11.2"

argparse@^2.0.1:
  version "2.0.1"
  resolved "https://registry.yarnpkg.com/argparse/-/argparse-2.0.1.tgz#246f50f3ca78a3240f6c997e8a9bd1eac49e4b38"
  integrity sha512-8+9WqebbFzpX9OR+Wa6O29asIogeRMzcGtAINdpMHHyAg10f05aSFVBbcEqGf/PXw1EjAZ+q2/bEBg3DvurK3Q==

js-yaml@4.1.0:
  version "4.1.0"
  resolved "https://registry.yarnpkg.com/js-yaml/-/js-yaml-4.1.0.tgz#c1fb65f8f5017901cdd2c951864ba18458a10602"
  integrity sha512-wpxZs9NoxZaJESJGIZTyDEaYpl0FKSA+FB9aJiyemKhMwkxQg63h4T1KJgUGHpTqPDNRcmmYLugrRjJlBtWvRA==
  dependencies:
    argparse "^2.0.1"

lodash@4.17.21:
  version "4.17.21"
  resolved "https://registry.yarnpkg.com/lodash/-/lodash-4.17.21.tgz#679591c564c3bffaae8454cf0b3df370c3d6911c"
  integrity sha512-v2kDEe57lecTulaDIuNTPy3Ry4gLGJ6Z1O3vE1krgXZNrsQ+LFTGHVxVjcXPs17LhbZVGedAJv8XZ1tvj5FvSg==

path-to-regexp@3.2.0:
  version "3.2.0"
  resolved "https://registry.yarnpkg.com/path-to-regexp/-/path-to-regexp-3.2.0.tgz#fa7877ecbc495c601907562222453c43cc204a5f"
  integrity sha512-jczvQbCUS7XmS7o+y1aEO9OBVFeZBQ1MDSEqmO7xSoPgOPoowY/SxLpZ6Vh97/8qHZOteiCKb7gkG9gA2ZUxJA==

swagger-ui-dist@5.11.2:
  version "5.11.2"
  resolved "https://registry.yarnpkg.com/swagger-ui-dist/-/swagger-ui-dist-5.11.2.tgz#b423e820928df703586ff58f80b09ffcf2434e08"
  integrity sha512-jQG0cRgJNMZ7aCoiFofnoojeSaa/+KgWaDlfgs8QN+BXoGMpxeMVY5OEnjq4OlNvF3yjftO8c9GRAgcHlO+u7A==
